
Microsoft Visual Studio Solution File, Format Version 12.00
# Visual Studio Version 17
VisualStudioVersion = 17.5.002.0
MinimumVisualStudioVersion = 10.0.40219.1
Project("{9A19103F-16F7-4668-BE54-9A1E7A4F7556}") = "Ceng382_23_24_s_202111070", "Ceng382_23_24_s_202111070.csproj", "{DE44D1E2-CEAC-4397-B2E3-DF1D4F46AA56}"
EndProject
Global
	GlobalSection(SolutionConfigurationPlatforms) = preSolution
		Debug|Any CPU = Debug|Any CPU
		Release|Any CPU = Release|Any CPU
	EndGlobalSection
	GlobalSection(ProjectConfigurationPlatforms) = postSolution
		{DE44D1E2-CEAC-4397-B2E3-DF1D4F46AA56}.Debug|Any CPU.ActiveCfg = Debug|Any CPU
		{DE44D1E2-CEAC-4397-B2E3-DF1D4F46AA56}.Debug|Any CPU.Build.0 = Debug|Any CPU
		{DE44D1E2-CEAC-4397-B2E3-DF1D4F46AA56}.Release|Any CPU.ActiveCfg = Release|Any CPU
		{DE44D1E2-CEAC-4397-B2E3-DF1D4F46AA56}.Release|Any CPU.Build.0 = Release|Any CPU
	EndGlobalSection
	GlobalSection(SolutionProperties) = preSolution
		HideSolutionNode = FALSE
	EndGlobalSection
	GlobalSection(ExtensibilityGlobals) = postSolution
		SolutionGuid = {FF052BEC-14F5-4B71-AAF9-4F06570C2077}
	EndGlobalSection
EndGlobal
